// !$*UTF8*$!
{
	archiveVersion = 1;
	classes = {
	};
	objectVersion = 51;
	objects = {

/* Begin PBXBuildFile section */
		53FCFB44B801C3E4C61305F9 /* Pods_MusicNetwork.framework in Frameworks */ = {isa = PBXBuildFile; fileRef = 9D9EFBD0887915BFC62E0366 /* Pods_MusicNetwork.framework */; };
		B11EC17F0F96D604EF6B9E74 /* Pods_MusicNetworkUITests.framework in Frameworks */ = {isa = PBXBuildFile; fileRef = D5B2E44BE53AC5F2E6221DCE /* Pods_MusicNetworkUITests.framework */; };
		CF39768FA55281C2C9981BB8 /* Pods_MusicNetworkTests.framework in Frameworks */ = {isa = PBXBuildFile; fileRef = 1D977174767FF8AFAF0183B5 /* Pods_MusicNetworkTests.framework */; };
		ED149966264C598000CD1394 /* Array+UrlElement.swift in Sources */ = {isa = PBXBuildFile; fileRef = ED149965264C598000CD1394 /* Array+UrlElement.swift */; };
		ED149967264C598000CD1394 /* Array+UrlElement.swift in Sources */ = {isa = PBXBuildFile; fileRef = ED149965264C598000CD1394 /* Array+UrlElement.swift */; };
		ED3B61E3232FE4DD008DE713 /* OpenUrl+String.swift in Sources */ = {isa = PBXBuildFile; fileRef = ED3B61E2232FE4DD008DE713 /* OpenUrl+String.swift */; };
		ED3B61E8232FE8FF008DE713 /* EAWhatsAppManager.swift in Sources */ = {isa = PBXBuildFile; fileRef = ED3B61E7232FE8FF008DE713 /* EAWhatsAppManager.swift */; };
		ED3B61EA232FECE6008DE713 /* EAMessageManager.swift in Sources */ = {isa = PBXBuildFile; fileRef = ED3B61E9232FECE6008DE713 /* EAMessageManager.swift */; };
		ED3B61EC232FEDB8008DE713 /* EALineManager.swift in Sources */ = {isa = PBXBuildFile; fileRef = ED3B61EB232FEDB8008DE713 /* EALineManager.swift */; };
		ED3C79A2264C424B00B14EEC /* Main.storyboard in Resources */ = {isa = PBXBuildFile; fileRef = EDC1BFD5232676E7004E4A94 /* Main.storyboard */; };
		ED503AC325AF4CEC00622EF6 /* TiltShiftOperation.swift in Sources */ = {isa = PBXBuildFile; fileRef = ED503AC225AF4CEC00622EF6 /* TiltShiftOperation.swift */; };
		ED503ACC25AF66D900622EF6 /* AsyncOperation.swift in Sources */ = {isa = PBXBuildFile; fileRef = ED503ACB25AF66D900622EF6 /* AsyncOperation.swift */; };
		ED503AD125AF68A700622EF6 /* NetworkImageOperation.swift in Sources */ = {isa = PBXBuildFile; fileRef = ED503AD025AF68A700622EF6 /* NetworkImageOperation.swift */; };
		ED5AE5DD252E358500B9F61B /* String+Localizable.swift in Sources */ = {isa = PBXBuildFile; fileRef = ED5AE5DC252E358500B9F61B /* String+Localizable.swift */; };
		ED5AE5DE252E358500B9F61B /* String+Localizable.swift in Sources */ = {isa = PBXBuildFile; fileRef = ED5AE5DC252E358500B9F61B /* String+Localizable.swift */; };
		ED5AE5FF252E381500B9F61B /* Localizable.strings in Resources */ = {isa = PBXBuildFile; fileRef = ED5AE602252E381500B9F61B /* Localizable.strings */; };
		ED5AE600252E381500B9F61B /* Localizable.strings in Resources */ = {isa = PBXBuildFile; fileRef = ED5AE602252E381500B9F61B /* Localizable.strings */; };
		ED8090F625B1FB3100C53995 /* ImageDataProvider.swift in Sources */ = {isa = PBXBuildFile; fileRef = ED8090F525B1FB3100C53995 /* ImageDataProvider.swift */; };
		EDA76CC1232785B800FC8307 /* Date+CustomFormatter.swift in Sources */ = {isa = PBXBuildFile; fileRef = EDA76CC0232785B800FC8307 /* Date+CustomFormatter.swift */; };
		EDA76CC3232794AF00FC8307 /* Decimal+StringFormatter.swift in Sources */ = {isa = PBXBuildFile; fileRef = EDA76CC2232794AF00FC8307 /* Decimal+StringFormatter.swift */; };
		EDA76CCC2327A9A400FC8307 /* MusicDetailViewController.swift in Sources */ = {isa = PBXBuildFile; fileRef = EDA76CCB2327A9A400FC8307 /* MusicDetailViewController.swift */; };
		EDA76CCF2327B89700FC8307 /* WebKit.framework in Frameworks */ = {isa = PBXBuildFile; fileRef = EDA76CCE2327B89700FC8307 /* WebKit.framework */; };
		EDA76CD22327BF2300FC8307 /* EAImageManager.swift in Sources */ = {isa = PBXBuildFile; fileRef = EDA76CD12327BF2300FC8307 /* EAImageManager.swift */; };
		EDA76CD72327C77E00FC8307 /* EAInstagramManager.swift in Sources */ = {isa = PBXBuildFile; fileRef = EDA76CD62327C77E00FC8307 /* EAInstagramManager.swift */; };
		EDB96141232ABA590055E502 /* EAKeyChainService.swift in Sources */ = {isa = PBXBuildFile; fileRef = EDB96140232ABA590055E502 /* EAKeyChainService.swift */; };
		EDB96146232ABAE90055E502 /* EAKeychainServiceProtocol.swift in Sources */ = {isa = PBXBuildFile; fileRef = EDB96145232ABAE90055E502 /* EAKeychainServiceProtocol.swift */; };
		EDC1BFD2232676E7004E4A94 /* AppDelegate.swift in Sources */ = {isa = PBXBuildFile; fileRef = EDC1BFD1232676E7004E4A94 /* AppDelegate.swift */; };
		EDC1BFD4232676E7004E4A94 /* MusicItemsViewController.swift in Sources */ = {isa = PBXBuildFile; fileRef = EDC1BFD3232676E7004E4A94 /* MusicItemsViewController.swift */; };
		EDC1BFD7232676E7004E4A94 /* Main.storyboard in Resources */ = {isa = PBXBuildFile; fileRef = EDC1BFD5232676E7004E4A94 /* Main.storyboard */; };
		EDC1BFD9232676E9004E4A94 /* Assets.xcassets in Resources */ = {isa = PBXBuildFile; fileRef = EDC1BFD8232676E9004E4A94 /* Assets.xcassets */; };
		EDC1BFDC232676E9004E4A94 /* LaunchScreen.storyboard in Resources */ = {isa = PBXBuildFile; fileRef = EDC1BFDA232676E9004E4A94 /* LaunchScreen.storyboard */; };
		EDC1BFE7232676E9004E4A94 /* MusicNetworkTests.swift in Sources */ = {isa = PBXBuildFile; fileRef = EDC1BFE6232676E9004E4A94 /* MusicNetworkTests.swift */; };
		EDC1BFF2232676E9004E4A94 /* MusicNetworkUITests.swift in Sources */ = {isa = PBXBuildFile; fileRef = EDC1BFF1232676E9004E4A94 /* MusicNetworkUITests.swift */; };
		EDC1C00723268503004E4A94 /* MusicItemTableViewCell.swift in Sources */ = {isa = PBXBuildFile; fileRef = EDC1C00623268503004E4A94 /* MusicItemTableViewCell.swift */; };
		EDC1C00923268EF5004E4A94 /* MusicItem.swift in Sources */ = {isa = PBXBuildFile; fileRef = EDC1C00823268EF5004E4A94 /* MusicItem.swift */; };
		EDC1C00B2326A042004E4A94 /* MusicItemsInteractor.swift in Sources */ = {isa = PBXBuildFile; fileRef = EDC1C00A2326A042004E4A94 /* MusicItemsInteractor.swift */; };
		EDC1C00F2326A361004E4A94 /* Background+Queue.swift in Sources */ = {isa = PBXBuildFile; fileRef = EDC1C00E2326A361004E4A94 /* Background+Queue.swift */; };
		EDC1C0122326A5E2004E4A94 /* MusicItemsProtocols.swift in Sources */ = {isa = PBXBuildFile; fileRef = EDC1C0112326A5E2004E4A94 /* MusicItemsProtocols.swift */; };
		EDC1C0142326A700004E4A94 /* MusicItemsRouter.swift in Sources */ = {isa = PBXBuildFile; fileRef = EDC1C0132326A700004E4A94 /* MusicItemsRouter.swift */; };
		EDC1C0162326A8DE004E4A94 /* MusicItemsPresenter.swift in Sources */ = {isa = PBXBuildFile; fileRef = EDC1C0152326A8DE004E4A94 /* MusicItemsPresenter.swift */; };
		EDC1C0192326B89E004E4A94 /* SearchResponse.swift in Sources */ = {isa = PBXBuildFile; fileRef = EDC1C0182326B89E004E4A94 /* SearchResponse.swift */; };
		EDC8596425AF40BB00D62904 /* TiltShiftFilter.swift in Sources */ = {isa = PBXBuildFile; fileRef = EDC8596325AF40BB00D62904 /* TiltShiftFilter.swift */; };
		EDCDFCAF264C2A0C00B3DB6E /* AppDelegate.swift in Sources */ = {isa = PBXBuildFile; fileRef = EDCDFCAE264C2A0C00B3DB6E /* AppDelegate.swift */; };
		EDCDFCB1264C2A0C00B3DB6E /* SceneDelegate.swift in Sources */ = {isa = PBXBuildFile; fileRef = EDCDFCB0264C2A0C00B3DB6E /* SceneDelegate.swift */; };
		EDCDFCB8264C2A1300B3DB6E /* Assets.xcassets in Resources */ = {isa = PBXBuildFile; fileRef = EDCDFCB7264C2A1300B3DB6E /* Assets.xcassets */; };
		EDCDFCBB264C2A1300B3DB6E /* LaunchScreen.storyboard in Resources */ = {isa = PBXBuildFile; fileRef = EDCDFCB9264C2A1300B3DB6E /* LaunchScreen.storyboard */; };
		EDCDFCC0264C2A1300B3DB6E /* MusicNetworkClip.app in Embed App Clips */ = {isa = PBXBuildFile; fileRef = EDCDFCAC264C2A0C00B3DB6E /* MusicNetworkClip.app */; settings = {ATTRIBUTES = (RemoveHeadersOnCopy, ); }; };
		EDCDFCC5264C389A00B3DB6E /* MusicDetailViewController.swift in Sources */ = {isa = PBXBuildFile; fileRef = EDA76CCB2327A9A400FC8307 /* MusicDetailViewController.swift */; };
		EDCDFCC6264C38B800B3DB6E /* MusicItem.swift in Sources */ = {isa = PBXBuildFile; fileRef = EDC1C00823268EF5004E4A94 /* MusicItem.swift */; };
		EDCDFCC7264C38DE00B3DB6E /* EAMessageManager.swift in Sources */ = {isa = PBXBuildFile; fileRef = ED3B61E9232FECE6008DE713 /* EAMessageManager.swift */; };
		EDCDFCC8264C38E300B3DB6E /* EAWhatsAppManager.swift in Sources */ = {isa = PBXBuildFile; fileRef = ED3B61E7232FE8FF008DE713 /* EAWhatsAppManager.swift */; };
		EDCDFCC9264C38E700B3DB6E /* EALineManager.swift in Sources */ = {isa = PBXBuildFile; fileRef = ED3B61EB232FEDB8008DE713 /* EALineManager.swift */; };
		EDCDFCCA264C391A00B3DB6E /* OpenUrl+String.swift in Sources */ = {isa = PBXBuildFile; fileRef = ED3B61E2232FE4DD008DE713 /* OpenUrl+String.swift */; };
		EDCDFCCB264C394C00B3DB6E /* EAImageManager.swift in Sources */ = {isa = PBXBuildFile; fileRef = EDA76CD12327BF2300FC8307 /* EAImageManager.swift */; };
		EDD651D125A4C76E00F1D7D7 /* KeepIndexDelegate.swift in Sources */ = {isa = PBXBuildFile; fileRef = EDD651D025A4C76E00F1D7D7 /* KeepIndexDelegate.swift */; };
		EEC516212655700800E59FA1 /* GoogleService-Info.plist in Resources */ = {isa = PBXBuildFile; fileRef = EEC516202655700800E59FA1 /* GoogleService-Info.plist */; };
/* End PBXBuildFile section */

/* Begin PBXContainerItemProxy section */
		EDC1BFE3232676E9004E4A94 /* PBXContainerItemProxy */ = {
			isa = PBXContainerItemProxy;
			containerPortal = EDC1BFC6232676E7004E4A94 /* Project object */;
			proxyType = 1;
			remoteGlobalIDString = EDC1BFCD232676E7004E4A94;
			remoteInfo = MusicNetwork;
		};
		EDC1BFEE232676E9004E4A94 /* PBXContainerItemProxy */ = {
			isa = PBXContainerItemProxy;
			containerPortal = EDC1BFC6232676E7004E4A94 /* Project object */;
			proxyType = 1;
			remoteGlobalIDString = EDC1BFCD232676E7004E4A94;
			remoteInfo = MusicNetwork;
		};
		EDCDFCBE264C2A1300B3DB6E /* PBXContainerItemProxy */ = {
			isa = PBXContainerItemProxy;
			containerPortal = EDC1BFC6232676E7004E4A94 /* Project object */;
			proxyType = 1;
			remoteGlobalIDString = EDCDFCAB264C2A0C00B3DB6E;
			remoteInfo = MusicNetworkClip;
		};
/* End PBXContainerItemProxy section */

/* Begin PBXCopyFilesBuildPhase section */
		EDCDFCC4264C2A1300B3DB6E /* Embed App Clips */ = {
			isa = PBXCopyFilesBuildPhase;
			buildActionMask = 2147483647;
			dstPath = "$(CONTENTS_FOLDER_PATH)/AppClips";
			dstSubfolderSpec = 16;
			files = (
				EDCDFCC0264C2A1300B3DB6E /* MusicNetworkClip.app in Embed App Clips */,
			);
			name = "Embed App Clips";
			runOnlyForDeploymentPostprocessing = 0;
		};
/* End PBXCopyFilesBuildPhase section */

/* Begin PBXFileReference section */
		08D7E20FA8DD21C48DE53CCA /* Pods-MusicNetwork.release.xcconfig */ = {isa = PBXFileReference; includeInIndex = 1; lastKnownFileType = text.xcconfig; name = "Pods-MusicNetwork.release.xcconfig"; path = "Target Support Files/Pods-MusicNetwork/Pods-MusicNetwork.release.xcconfig"; sourceTree = "<group>"; };
		11C543B2F3C1BF8B5E505EBC /* Pods-MusicNetwork.debug.xcconfig */ = {isa = PBXFileReference; includeInIndex = 1; lastKnownFileType = text.xcconfig; name = "Pods-MusicNetwork.debug.xcconfig"; path = "Target Support Files/Pods-MusicNetwork/Pods-MusicNetwork.debug.xcconfig"; sourceTree = "<group>"; };
		1D977174767FF8AFAF0183B5 /* Pods_MusicNetworkTests.framework */ = {isa = PBXFileReference; explicitFileType = wrapper.framework; includeInIndex = 0; path = Pods_MusicNetworkTests.framework; sourceTree = BUILT_PRODUCTS_DIR; };
		21E06BDAD6C5C046D478EE49 /* Pods-MusicNetworkTests.debug.xcconfig */ = {isa = PBXFileReference; includeInIndex = 1; lastKnownFileType = text.xcconfig; name = "Pods-MusicNetworkTests.debug.xcconfig"; path = "Target Support Files/Pods-MusicNetworkTests/Pods-MusicNetworkTests.debug.xcconfig"; sourceTree = "<group>"; };
		9D9EFBD0887915BFC62E0366 /* Pods_MusicNetwork.framework */ = {isa = PBXFileReference; explicitFileType = wrapper.framework; includeInIndex = 0; path = Pods_MusicNetwork.framework; sourceTree = BUILT_PRODUCTS_DIR; };
		B87EF19D555EC5520A7739FA /* Pods-MusicNetworkUITests.release.xcconfig */ = {isa = PBXFileReference; includeInIndex = 1; lastKnownFileType = text.xcconfig; name = "Pods-MusicNetworkUITests.release.xcconfig"; path = "Target Support Files/Pods-MusicNetworkUITests/Pods-MusicNetworkUITests.release.xcconfig"; sourceTree = "<group>"; };
		BF7AC4FBC62F4F03E2FA0142 /* Pods-MusicNetworkUITests.debug.xcconfig */ = {isa = PBXFileReference; includeInIndex = 1; lastKnownFileType = text.xcconfig; name = "Pods-MusicNetworkUITests.debug.xcconfig"; path = "Target Support Files/Pods-MusicNetworkUITests/Pods-MusicNetworkUITests.debug.xcconfig"; sourceTree = "<group>"; };
		C26D8FBADD379FDC4BD0D061 /* Pods-MusicNetworkTests.release.xcconfig */ = {isa = PBXFileReference; includeInIndex = 1; lastKnownFileType = text.xcconfig; name = "Pods-MusicNetworkTests.release.xcconfig"; path = "Target Support Files/Pods-MusicNetworkTests/Pods-MusicNetworkTests.release.xcconfig"; sourceTree = "<group>"; };
		D5B2E44BE53AC5F2E6221DCE /* Pods_MusicNetworkUITests.framework */ = {isa = PBXFileReference; explicitFileType = wrapper.framework; includeInIndex = 0; path = Pods_MusicNetworkUITests.framework; sourceTree = BUILT_PRODUCTS_DIR; };
		ED149965264C598000CD1394 /* Array+UrlElement.swift */ = {isa = PBXFileReference; lastKnownFileType = sourcecode.swift; path = "Array+UrlElement.swift"; sourceTree = "<group>"; };
		ED3B61E2232FE4DD008DE713 /* OpenUrl+String.swift */ = {isa = PBXFileReference; lastKnownFileType = sourcecode.swift; path = "OpenUrl+String.swift"; sourceTree = "<group>"; };
		ED3B61E7232FE8FF008DE713 /* EAWhatsAppManager.swift */ = {isa = PBXFileReference; lastKnownFileType = sourcecode.swift; path = EAWhatsAppManager.swift; sourceTree = "<group>"; };
		ED3B61E9232FECE6008DE713 /* EAMessageManager.swift */ = {isa = PBXFileReference; lastKnownFileType = sourcecode.swift; path = EAMessageManager.swift; sourceTree = "<group>"; };
		ED3B61EB232FEDB8008DE713 /* EALineManager.swift */ = {isa = PBXFileReference; lastKnownFileType = sourcecode.swift; path = EALineManager.swift; sourceTree = "<group>"; };
		ED503AC225AF4CEC00622EF6 /* TiltShiftOperation.swift */ = {isa = PBXFileReference; lastKnownFileType = sourcecode.swift; path = TiltShiftOperation.swift; sourceTree = "<group>"; };
		ED503ACB25AF66D900622EF6 /* AsyncOperation.swift */ = {isa = PBXFileReference; lastKnownFileType = sourcecode.swift; path = AsyncOperation.swift; sourceTree = "<group>"; };
		ED503AD025AF68A700622EF6 /* NetworkImageOperation.swift */ = {isa = PBXFileReference; lastKnownFileType = sourcecode.swift; path = NetworkImageOperation.swift; sourceTree = "<group>"; };
		ED5AE5DC252E358500B9F61B /* String+Localizable.swift */ = {isa = PBXFileReference; lastKnownFileType = sourcecode.swift; path = "String+Localizable.swift"; sourceTree = "<group>"; };
		ED5AE5F4252E374500B9F61B /* es */ = {isa = PBXFileReference; lastKnownFileType = text.plist.strings; name = es; path = es.lproj/Main.strings; sourceTree = "<group>"; };
		ED5AE5F5252E374500B9F61B /* es */ = {isa = PBXFileReference; lastKnownFileType = text.plist.strings; name = es; path = es.lproj/LaunchScreen.strings; sourceTree = "<group>"; };
		ED5AE601252E381500B9F61B /* en */ = {isa = PBXFileReference; lastKnownFileType = text.plist.strings; name = en; path = en.lproj/Localizable.strings; sourceTree = "<group>"; };
		ED5AE603252E381900B9F61B /* es */ = {isa = PBXFileReference; lastKnownFileType = text.plist.strings; name = es; path = es.lproj/Localizable.strings; sourceTree = "<group>"; };
		ED8090F525B1FB3100C53995 /* ImageDataProvider.swift */ = {isa = PBXFileReference; lastKnownFileType = sourcecode.swift; path = ImageDataProvider.swift; sourceTree = "<group>"; };
		EDA76CC0232785B800FC8307 /* Date+CustomFormatter.swift */ = {isa = PBXFileReference; lastKnownFileType = sourcecode.swift; path = "Date+CustomFormatter.swift"; sourceTree = "<group>"; };
		EDA76CC2232794AF00FC8307 /* Decimal+StringFormatter.swift */ = {isa = PBXFileReference; lastKnownFileType = sourcecode.swift; path = "Decimal+StringFormatter.swift"; sourceTree = "<group>"; };
		EDA76CCB2327A9A400FC8307 /* MusicDetailViewController.swift */ = {isa = PBXFileReference; lastKnownFileType = sourcecode.swift; path = MusicDetailViewController.swift; sourceTree = "<group>"; };
		EDA76CCE2327B89700FC8307 /* WebKit.framework */ = {isa = PBXFileReference; lastKnownFileType = wrapper.framework; name = WebKit.framework; path = System/Library/Frameworks/WebKit.framework; sourceTree = SDKROOT; };
		EDA76CD12327BF2300FC8307 /* EAImageManager.swift */ = {isa = PBXFileReference; lastKnownFileType = sourcecode.swift; path = EAImageManager.swift; sourceTree = "<group>"; };
		EDA76CD62327C77E00FC8307 /* EAInstagramManager.swift */ = {isa = PBXFileReference; lastKnownFileType = sourcecode.swift; path = EAInstagramManager.swift; sourceTree = "<group>"; };
		EDB96140232ABA590055E502 /* EAKeyChainService.swift */ = {isa = PBXFileReference; lastKnownFileType = sourcecode.swift; path = EAKeyChainService.swift; sourceTree = "<group>"; };
		EDB96145232ABAE90055E502 /* EAKeychainServiceProtocol.swift */ = {isa = PBXFileReference; lastKnownFileType = sourcecode.swift; path = EAKeychainServiceProtocol.swift; sourceTree = "<group>"; };
		EDC1BFCE232676E7004E4A94 /* MusicNetwork.app */ = {isa = PBXFileReference; explicitFileType = wrapper.application; includeInIndex = 0; path = MusicNetwork.app; sourceTree = BUILT_PRODUCTS_DIR; };
		EDC1BFD1232676E7004E4A94 /* AppDelegate.swift */ = {isa = PBXFileReference; lastKnownFileType = sourcecode.swift; path = AppDelegate.swift; sourceTree = "<group>"; };
		EDC1BFD3232676E7004E4A94 /* MusicItemsViewController.swift */ = {isa = PBXFileReference; lastKnownFileType = sourcecode.swift; path = MusicItemsViewController.swift; sourceTree = "<group>"; };
		EDC1BFD6232676E7004E4A94 /* Base */ = {isa = PBXFileReference; lastKnownFileType = file.storyboard; name = Base; path = Base.lproj/Main.storyboard; sourceTree = "<group>"; };
		EDC1BFD8232676E9004E4A94 /* Assets.xcassets */ = {isa = PBXFileReference; lastKnownFileType = folder.assetcatalog; path = Assets.xcassets; sourceTree = "<group>"; };
		EDC1BFDB232676E9004E4A94 /* Base */ = {isa = PBXFileReference; lastKnownFileType = file.storyboard; name = Base; path = Base.lproj/LaunchScreen.storyboard; sourceTree = "<group>"; };
		EDC1BFDD232676E9004E4A94 /* Info.plist */ = {isa = PBXFileReference; lastKnownFileType = text.plist.xml; path = Info.plist; sourceTree = "<group>"; };
		EDC1BFE2232676E9004E4A94 /* MusicNetworkTests.xctest */ = {isa = PBXFileReference; explicitFileType = wrapper.cfbundle; includeInIndex = 0; path = MusicNetworkTests.xctest; sourceTree = BUILT_PRODUCTS_DIR; };
		EDC1BFE6232676E9004E4A94 /* MusicNetworkTests.swift */ = {isa = PBXFileReference; lastKnownFileType = sourcecode.swift; path = MusicNetworkTests.swift; sourceTree = "<group>"; };
		EDC1BFE8232676E9004E4A94 /* Info.plist */ = {isa = PBXFileReference; lastKnownFileType = text.plist.xml; path = Info.plist; sourceTree = "<group>"; };
		EDC1BFED232676E9004E4A94 /* MusicNetworkUITests.xctest */ = {isa = PBXFileReference; explicitFileType = wrapper.cfbundle; includeInIndex = 0; path = MusicNetworkUITests.xctest; sourceTree = BUILT_PRODUCTS_DIR; };
		EDC1BFF1232676E9004E4A94 /* MusicNetworkUITests.swift */ = {isa = PBXFileReference; lastKnownFileType = sourcecode.swift; path = MusicNetworkUITests.swift; sourceTree = "<group>"; };
		EDC1BFF3232676E9004E4A94 /* Info.plist */ = {isa = PBXFileReference; lastKnownFileType = text.plist.xml; path = Info.plist; sourceTree = "<group>"; };
		EDC1C00623268503004E4A94 /* MusicItemTableViewCell.swift */ = {isa = PBXFileReference; lastKnownFileType = sourcecode.swift; path = MusicItemTableViewCell.swift; sourceTree = "<group>"; };
		EDC1C00823268EF5004E4A94 /* MusicItem.swift */ = {isa = PBXFileReference; lastKnownFileType = sourcecode.swift; path = MusicItem.swift; sourceTree = "<group>"; };
		EDC1C00A2326A042004E4A94 /* MusicItemsInteractor.swift */ = {isa = PBXFileReference; lastKnownFileType = sourcecode.swift; path = MusicItemsInteractor.swift; sourceTree = "<group>"; };
		EDC1C00E2326A361004E4A94 /* Background+Queue.swift */ = {isa = PBXFileReference; lastKnownFileType = sourcecode.swift; path = "Background+Queue.swift"; sourceTree = "<group>"; };
		EDC1C0112326A5E2004E4A94 /* MusicItemsProtocols.swift */ = {isa = PBXFileReference; lastKnownFileType = sourcecode.swift; path = MusicItemsProtocols.swift; sourceTree = "<group>"; };
		EDC1C0132326A700004E4A94 /* MusicItemsRouter.swift */ = {isa = PBXFileReference; lastKnownFileType = sourcecode.swift; path = MusicItemsRouter.swift; sourceTree = "<group>"; };
		EDC1C0152326A8DE004E4A94 /* MusicItemsPresenter.swift */ = {isa = PBXFileReference; lastKnownFileType = sourcecode.swift; path = MusicItemsPresenter.swift; sourceTree = "<group>"; };
		EDC1C0182326B89E004E4A94 /* SearchResponse.swift */ = {isa = PBXFileReference; lastKnownFileType = sourcecode.swift; path = SearchResponse.swift; sourceTree = "<group>"; };
		EDC8596325AF40BB00D62904 /* TiltShiftFilter.swift */ = {isa = PBXFileReference; lastKnownFileType = sourcecode.swift; path = TiltShiftFilter.swift; sourceTree = "<group>"; };
		EDCDFCAC264C2A0C00B3DB6E /* MusicNetworkClip.app */ = {isa = PBXFileReference; explicitFileType = wrapper.application; includeInIndex = 0; path = MusicNetworkClip.app; sourceTree = BUILT_PRODUCTS_DIR; };
		EDCDFCAE264C2A0C00B3DB6E /* AppDelegate.swift */ = {isa = PBXFileReference; lastKnownFileType = sourcecode.swift; path = AppDelegate.swift; sourceTree = "<group>"; };
		EDCDFCB0264C2A0C00B3DB6E /* SceneDelegate.swift */ = {isa = PBXFileReference; lastKnownFileType = sourcecode.swift; path = SceneDelegate.swift; sourceTree = "<group>"; };
		EDCDFCB7264C2A1300B3DB6E /* Assets.xcassets */ = {isa = PBXFileReference; lastKnownFileType = folder.assetcatalog; path = Assets.xcassets; sourceTree = "<group>"; };
		EDCDFCBA264C2A1300B3DB6E /* Base */ = {isa = PBXFileReference; lastKnownFileType = file.storyboard; name = Base; path = Base.lproj/LaunchScreen.storyboard; sourceTree = "<group>"; };
		EDCDFCBC264C2A1300B3DB6E /* Info.plist */ = {isa = PBXFileReference; lastKnownFileType = text.plist.xml; path = Info.plist; sourceTree = "<group>"; };
		EDCDFCBD264C2A1300B3DB6E /* MusicNetworkClip.entitlements */ = {isa = PBXFileReference; lastKnownFileType = text.plist.entitlements; path = MusicNetworkClip.entitlements; sourceTree = "<group>"; };
		EDD651D025A4C76E00F1D7D7 /* KeepIndexDelegate.swift */ = {isa = PBXFileReference; lastKnownFileType = sourcecode.swift; path = KeepIndexDelegate.swift; sourceTree = "<group>"; };
		EEC516202655700800E59FA1 /* GoogleService-Info.plist */ = {isa = PBXFileReference; lastKnownFileType = text.plist; path = "GoogleService-Info.plist"; sourceTree = SOURCE_ROOT; };
/* End PBXFileReference section */

/* Begin PBXFrameworksBuildPhase section */
		EDC1BFCB232676E7004E4A94 /* Frameworks */ = {
			isa = PBXFrameworksBuildPhase;
			buildActionMask = 2147483647;
			files = (
				EDA76CCF2327B89700FC8307 /* WebKit.framework in Frameworks */,
				53FCFB44B801C3E4C61305F9 /* Pods_MusicNetwork.framework in Frameworks */,
			);
			runOnlyForDeploymentPostprocessing = 0;
		};
		EDC1BFDF232676E9004E4A94 /* Frameworks */ = {
			isa = PBXFrameworksBuildPhase;
			buildActionMask = 2147483647;
			files = (
				CF39768FA55281C2C9981BB8 /* Pods_MusicNetworkTests.framework in Frameworks */,
			);
			runOnlyForDeploymentPostprocessing = 0;
		};
		EDC1BFEA232676E9004E4A94 /* Frameworks */ = {
			isa = PBXFrameworksBuildPhase;
			buildActionMask = 2147483647;
			files = (
				B11EC17F0F96D604EF6B9E74 /* Pods_MusicNetworkUITests.framework in Frameworks */,
			);
			runOnlyForDeploymentPostprocessing = 0;
		};
		EDCDFCA9264C2A0C00B3DB6E /* Frameworks */ = {
			isa = PBXFrameworksBuildPhase;
			buildActionMask = 2147483647;
			files = (
			);
			runOnlyForDeploymentPostprocessing = 0;
		};
/* End PBXFrameworksBuildPhase section */

/* Begin PBXGroup section */
		C81627DED5DE9164A7480D23 /* Pods */ = {
			isa = PBXGroup;
			children = (
				11C543B2F3C1BF8B5E505EBC /* Pods-MusicNetwork.debug.xcconfig */,
				08D7E20FA8DD21C48DE53CCA /* Pods-MusicNetwork.release.xcconfig */,
				21E06BDAD6C5C046D478EE49 /* Pods-MusicNetworkTests.debug.xcconfig */,
				C26D8FBADD379FDC4BD0D061 /* Pods-MusicNetworkTests.release.xcconfig */,
				BF7AC4FBC62F4F03E2FA0142 /* Pods-MusicNetworkUITests.debug.xcconfig */,
				B87EF19D555EC5520A7739FA /* Pods-MusicNetworkUITests.release.xcconfig */,
			);
			path = Pods;
			sourceTree = "<group>";
		};
		ED3B61E1232FE4BD008DE713 /* Extensions */ = {
			isa = PBXGroup;
			children = (
				ED3B61E2232FE4DD008DE713 /* OpenUrl+String.swift */,
			);
			path = Extensions;
			sourceTree = "<group>";
		};
		ED3B61E4232FE89E008DE713 /* Line */ = {
			isa = PBXGroup;
			children = (
				ED3B61EB232FEDB8008DE713 /* EALineManager.swift */,
			);
			path = Line;
			sourceTree = "<group>";
		};
		ED3B61E5232FE8A7008DE713 /* WhatsApp */ = {
			isa = PBXGroup;
			children = (
				ED3B61E7232FE8FF008DE713 /* EAWhatsAppManager.swift */,
			);
			path = WhatsApp;
			sourceTree = "<group>";
		};
		ED3B61E6232FE8BF008DE713 /* Message */ = {
			isa = PBXGroup;
			children = (
				ED3B61E9232FECE6008DE713 /* EAMessageManager.swift */,
			);
			path = Message;
			sourceTree = "<group>";
		};
		EDA76CC42327A75900FC8307 /* MusicDetail */ = {
			isa = PBXGroup;
			children = (
				EDA76CCA2327A7AF00FC8307 /* Router */,
				EDA76CC92327A79F00FC8307 /* Entity */,
				EDA76CC82327A79500FC8307 /* Presenter */,
				EDA76CC72327A78800FC8307 /* Interactor */,
				EDA76CC62327A77D00FC8307 /* View */,
				EDA76CC52327A76C00FC8307 /* Protocols */,
			);
			path = MusicDetail;
			sourceTree = "<group>";
		};
		EDA76CC52327A76C00FC8307 /* Protocols */ = {
			isa = PBXGroup;
			children = (
			);
			path = Protocols;
			sourceTree = "<group>";
		};
		EDA76CC62327A77D00FC8307 /* View */ = {
			isa = PBXGroup;
			children = (
				EDA76CCB2327A9A400FC8307 /* MusicDetailViewController.swift */,
			);
			path = View;
			sourceTree = "<group>";
		};
		EDA76CC72327A78800FC8307 /* Interactor */ = {
			isa = PBXGroup;
			children = (
			);
			path = Interactor;
			sourceTree = "<group>";
		};
		EDA76CC82327A79500FC8307 /* Presenter */ = {
			isa = PBXGroup;
			children = (
			);
			path = Presenter;
			sourceTree = "<group>";
		};
		EDA76CC92327A79F00FC8307 /* Entity */ = {
			isa = PBXGroup;
			children = (
			);
			path = Entity;
			sourceTree = "<group>";
		};
		EDA76CCA2327A7AF00FC8307 /* Router */ = {
			isa = PBXGroup;
			children = (
			);
			path = Router;
			sourceTree = "<group>";
		};
		EDA76CCD2327B89600FC8307 /* Frameworks */ = {
			isa = PBXGroup;
			children = (
				EDA76CCE2327B89700FC8307 /* WebKit.framework */,
				9D9EFBD0887915BFC62E0366 /* Pods_MusicNetwork.framework */,
				1D977174767FF8AFAF0183B5 /* Pods_MusicNetworkTests.framework */,
				D5B2E44BE53AC5F2E6221DCE /* Pods_MusicNetworkUITests.framework */,
			);
			name = Frameworks;
			sourceTree = "<group>";
		};
		EDA76CD02327BED100FC8307 /* Managers */ = {
			isa = PBXGroup;
			children = (
				ED3B61E1232FE4BD008DE713 /* Extensions */,
				EDA76CD52327C72800FC8307 /* SocialNetwork */,
				EDA76CD32327C70400FC8307 /* Image */,
			);
			path = Managers;
			sourceTree = "<group>";
		};
		EDA76CD32327C70400FC8307 /* Image */ = {
			isa = PBXGroup;
			children = (
				EDA76CD12327BF2300FC8307 /* EAImageManager.swift */,
			);
			path = Image;
			sourceTree = "<group>";
		};
		EDA76CD42327C70F00FC8307 /* Instagram */ = {
			isa = PBXGroup;
			children = (
				EDA76CD62327C77E00FC8307 /* EAInstagramManager.swift */,
			);
			path = Instagram;
			sourceTree = "<group>";
		};
		EDA76CD52327C72800FC8307 /* SocialNetwork */ = {
			isa = PBXGroup;
			children = (
				ED3B61E6232FE8BF008DE713 /* Message */,
				ED3B61E5232FE8A7008DE713 /* WhatsApp */,
				ED3B61E4232FE89E008DE713 /* Line */,
				EDAF8899232AA1D60023AA8D /* Google */,
				EDAF8896232A5BA10023AA8D /* Facebook */,
				EDA76CD42327C70F00FC8307 /* Instagram */,
			);
			path = SocialNetwork;
			sourceTree = "<group>";
		};
		EDAF8896232A5BA10023AA8D /* Facebook */ = {
			isa = PBXGroup;
			children = (
			);
			path = Facebook;
			sourceTree = "<group>";
		};
		EDAF8899232AA1D60023AA8D /* Google */ = {
			isa = PBXGroup;
			children = (
			);
			path = Google;
			sourceTree = "<group>";
		};
		EDB9613F232ABA130055E502 /* Services */ = {
			isa = PBXGroup;
			children = (
				EDB96143232ABAAF0055E502 /* KeyChainService */,
			);
			path = Services;
			sourceTree = "<group>";
		};
		EDB96142232ABA9B0055E502 /* Implementation */ = {
			isa = PBXGroup;
			children = (
				EDB96140232ABA590055E502 /* EAKeyChainService.swift */,
			);
			path = Implementation;
			sourceTree = "<group>";
		};
		EDB96143232ABAAF0055E502 /* KeyChainService */ = {
			isa = PBXGroup;
			children = (
				EDB96144232ABAC30055E502 /* Protocol */,
				EDB96142232ABA9B0055E502 /* Implementation */,
			);
			path = KeyChainService;
			sourceTree = "<group>";
		};
		EDB96144232ABAC30055E502 /* Protocol */ = {
			isa = PBXGroup;
			children = (
				EDB96145232ABAE90055E502 /* EAKeychainServiceProtocol.swift */,
			);
			path = Protocol;
			sourceTree = "<group>";
		};
		EDC1BFC5232676E7004E4A94 = {
			isa = PBXGroup;
			children = (
				EDC1BFD0232676E7004E4A94 /* MusicNetwork */,
				EDC1BFE5232676E9004E4A94 /* MusicNetworkTests */,
				EDC1BFF0232676E9004E4A94 /* MusicNetworkUITests */,
				EDCDFCAD264C2A0C00B3DB6E /* MusicNetworkClip */,
				EDC1BFCF232676E7004E4A94 /* Products */,
				EDA76CCD2327B89600FC8307 /* Frameworks */,
				C81627DED5DE9164A7480D23 /* Pods */,
			);
			sourceTree = "<group>";
		};
		EDC1BFCF232676E7004E4A94 /* Products */ = {
			isa = PBXGroup;
			children = (
				EDC1BFCE232676E7004E4A94 /* MusicNetwork.app */,
				EDC1BFE2232676E9004E4A94 /* MusicNetworkTests.xctest */,
				EDC1BFED232676E9004E4A94 /* MusicNetworkUITests.xctest */,
				EDCDFCAC264C2A0C00B3DB6E /* MusicNetworkClip.app */,
			);
			name = Products;
			sourceTree = "<group>";
		};
		EDC1BFD0232676E7004E4A94 /* MusicNetwork */ = {
			isa = PBXGroup;
			children = (
				EEC516202655700800E59FA1 /* GoogleService-Info.plist */,
				EDE0B05025AF402B00DEA88A /* Utils */,
				EDCDFCA7264C271200B3DB6E /* Resoures */,
				EDB9613F232ABA130055E502 /* Services */,
				EDA76CD02327BED100FC8307 /* Managers */,
				EDC1C0172326B11F004E4A94 /* Modules */,
				EDC1C00D2326A344004E4A94 /* Extensions */,
				EDC1BFD1232676E7004E4A94 /* AppDelegate.swift */,
				EDC1BFD5232676E7004E4A94 /* Main.storyboard */,
				EDC1BFDA232676E9004E4A94 /* LaunchScreen.storyboard */,
				EDC1BFDD232676E9004E4A94 /* Info.plist */,
			);
			path = MusicNetwork;
			sourceTree = "<group>";
		};
		EDC1BFE5232676E9004E4A94 /* MusicNetworkTests */ = {
			isa = PBXGroup;
			children = (
				EDC1BFE6232676E9004E4A94 /* MusicNetworkTests.swift */,
				EDC1BFE8232676E9004E4A94 /* Info.plist */,
			);
			path = MusicNetworkTests;
			sourceTree = "<group>";
		};
		EDC1BFF0232676E9004E4A94 /* MusicNetworkUITests */ = {
			isa = PBXGroup;
			children = (
				EDC1BFF1232676E9004E4A94 /* MusicNetworkUITests.swift */,
				EDC1BFF3232676E9004E4A94 /* Info.plist */,
			);
			path = MusicNetworkUITests;
			sourceTree = "<group>";
		};
		EDC1BFFF23268402004E4A94 /* MusicItems */ = {
			isa = PBXGroup;
			children = (
				EDC1C0102326A5C9004E4A94 /* Protocols */,
				EDC1C0002326842A004E4A94 /* View */,
				EDC1C0012326847C004E4A94 /* Interactor */,
				EDC1C0022326848F004E4A94 /* Presenter */,
				EDC1C003232684A7004E4A94 /* Entity */,
				EDC1C004232684B6004E4A94 /* Router */,
			);
			path = MusicItems;
			sourceTree = "<group>";
		};
		EDC1C0002326842A004E4A94 /* View */ = {
			isa = PBXGroup;
			children = (
				EDC1C005232684DC004E4A94 /* Cell */,
				EDC1BFD3232676E7004E4A94 /* MusicItemsViewController.swift */,
			);
			path = View;
			sourceTree = "<group>";
		};
		EDC1C0012326847C004E4A94 /* Interactor */ = {
			isa = PBXGroup;
			children = (
				EDC1C00A2326A042004E4A94 /* MusicItemsInteractor.swift */,
			);
			path = Interactor;
			sourceTree = "<group>";
		};
		EDC1C0022326848F004E4A94 /* Presenter */ = {
			isa = PBXGroup;
			children = (
				EDC1C0152326A8DE004E4A94 /* MusicItemsPresenter.swift */,
			);
			path = Presenter;
			sourceTree = "<group>";
		};
		EDC1C003232684A7004E4A94 /* Entity */ = {
			isa = PBXGroup;
			children = (
				EDC1C00823268EF5004E4A94 /* MusicItem.swift */,
				EDC1C0182326B89E004E4A94 /* SearchResponse.swift */,
			);
			path = Entity;
			sourceTree = "<group>";
		};
		EDC1C004232684B6004E4A94 /* Router */ = {
			isa = PBXGroup;
			children = (
				EDC1C0132326A700004E4A94 /* MusicItemsRouter.swift */,
			);
			path = Router;
			sourceTree = "<group>";
		};
		EDC1C005232684DC004E4A94 /* Cell */ = {
			isa = PBXGroup;
			children = (
				EDC1C00623268503004E4A94 /* MusicItemTableViewCell.swift */,
			);
			path = Cell;
			sourceTree = "<group>";
		};
		EDC1C00D2326A344004E4A94 /* Extensions */ = {
			isa = PBXGroup;
			children = (
				EDC1C00E2326A361004E4A94 /* Background+Queue.swift */,
				EDA76CC0232785B800FC8307 /* Date+CustomFormatter.swift */,
				EDA76CC2232794AF00FC8307 /* Decimal+StringFormatter.swift */,
				ED5AE5DC252E358500B9F61B /* String+Localizable.swift */,
				ED149965264C598000CD1394 /* Array+UrlElement.swift */,
			);
			path = Extensions;
			sourceTree = "<group>";
		};
		EDC1C0102326A5C9004E4A94 /* Protocols */ = {
			isa = PBXGroup;
			children = (
				EDC1C0112326A5E2004E4A94 /* MusicItemsProtocols.swift */,
				EDD651D025A4C76E00F1D7D7 /* KeepIndexDelegate.swift */,
			);
			path = Protocols;
			sourceTree = "<group>";
		};
		EDC1C0172326B11F004E4A94 /* Modules */ = {
			isa = PBXGroup;
			children = (
				EDC1BFFF23268402004E4A94 /* MusicItems */,
				EDA76CC42327A75900FC8307 /* MusicDetail */,
			);
			path = Modules;
			sourceTree = "<group>";
		};
		EDCDFCA7264C271200B3DB6E /* Resoures */ = {
			isa = PBXGroup;
			children = (
				EDC1BFD8232676E9004E4A94 /* Assets.xcassets */,
				ED5AE602252E381500B9F61B /* Localizable.strings */,
			);
			path = Resoures;
			sourceTree = "<group>";
		};
		EDCDFCAD264C2A0C00B3DB6E /* MusicNetworkClip */ = {
			isa = PBXGroup;
			children = (
				EDCDFCAE264C2A0C00B3DB6E /* AppDelegate.swift */,
				EDCDFCB0264C2A0C00B3DB6E /* SceneDelegate.swift */,
				EDCDFCB7264C2A1300B3DB6E /* Assets.xcassets */,
				EDCDFCB9264C2A1300B3DB6E /* LaunchScreen.storyboard */,
				EDCDFCBC264C2A1300B3DB6E /* Info.plist */,
				EDCDFCBD264C2A1300B3DB6E /* MusicNetworkClip.entitlements */,
			);
			path = MusicNetworkClip;
			sourceTree = "<group>";
		};
		EDE0B05025AF402B00DEA88A /* Utils */ = {
			isa = PBXGroup;
			children = (
				EDC8596325AF40BB00D62904 /* TiltShiftFilter.swift */,
				ED503AC225AF4CEC00622EF6 /* TiltShiftOperation.swift */,
				ED503ACB25AF66D900622EF6 /* AsyncOperation.swift */,
				ED503AD025AF68A700622EF6 /* NetworkImageOperation.swift */,
				ED8090F525B1FB3100C53995 /* ImageDataProvider.swift */,
			);
			name = Utils;
			path = ../Utils;
			sourceTree = "<group>";
		};
/* End PBXGroup section */

/* Begin PBXNativeTarget section */
		EDC1BFCD232676E7004E4A94 /* MusicNetwork */ = {
			isa = PBXNativeTarget;
			buildConfigurationList = EDC1BFF6232676E9004E4A94 /* Build configuration list for PBXNativeTarget "MusicNetwork" */;
			buildPhases = (
				296CE6A1B43D9C3A545B598D /* [CP] Check Pods Manifest.lock */,
				EDC1BFCA232676E7004E4A94 /* Sources */,
				EDC1BFCB232676E7004E4A94 /* Frameworks */,
				EDC1BFCC232676E7004E4A94 /* Resources */,
				EDCDFCC4264C2A1300B3DB6E /* Embed App Clips */,
				7E94D9DF35565C69BC7B3F70 /* [CP] Embed Pods Frameworks */,
			);
			buildRules = (
			);
			dependencies = (
				EDCDFCBF264C2A1300B3DB6E /* PBXTargetDependency */,
			);
			name = MusicNetwork;
			productName = MusicNetwork;
			productReference = EDC1BFCE232676E7004E4A94 /* MusicNetwork.app */;
			productType = "com.apple.product-type.application";
		};
		EDC1BFE1232676E9004E4A94 /* MusicNetworkTests */ = {
			isa = PBXNativeTarget;
			buildConfigurationList = EDC1BFF9232676E9004E4A94 /* Build configuration list for PBXNativeTarget "MusicNetworkTests" */;
			buildPhases = (
				9243F758FA5129F60BC550E0 /* [CP] Check Pods Manifest.lock */,
				EDC1BFDE232676E9004E4A94 /* Sources */,
				EDC1BFDF232676E9004E4A94 /* Frameworks */,
				EDC1BFE0232676E9004E4A94 /* Resources */,
			);
			buildRules = (
			);
			dependencies = (
				EDC1BFE4232676E9004E4A94 /* PBXTargetDependency */,
			);
			name = MusicNetworkTests;
			productName = MusicNetworkTests;
			productReference = EDC1BFE2232676E9004E4A94 /* MusicNetworkTests.xctest */;
			productType = "com.apple.product-type.bundle.unit-test";
		};
		EDC1BFEC232676E9004E4A94 /* MusicNetworkUITests */ = {
			isa = PBXNativeTarget;
			buildConfigurationList = EDC1BFFC232676E9004E4A94 /* Build configuration list for PBXNativeTarget "MusicNetworkUITests" */;
			buildPhases = (
				5902B77D99728503128E4A09 /* [CP] Check Pods Manifest.lock */,
				EDC1BFE9232676E9004E4A94 /* Sources */,
				EDC1BFEA232676E9004E4A94 /* Frameworks */,
				EDC1BFEB232676E9004E4A94 /* Resources */,
			);
			buildRules = (
			);
			dependencies = (
				EDC1BFEF232676E9004E4A94 /* PBXTargetDependency */,
			);
			name = MusicNetworkUITests;
			productName = MusicNetworkUITests;
			productReference = EDC1BFED232676E9004E4A94 /* MusicNetworkUITests.xctest */;
			productType = "com.apple.product-type.bundle.ui-testing";
		};
		EDCDFCAB264C2A0C00B3DB6E /* MusicNetworkClip */ = {
			isa = PBXNativeTarget;
			buildConfigurationList = EDCDFCC1264C2A1300B3DB6E /* Build configuration list for PBXNativeTarget "MusicNetworkClip" */;
			buildPhases = (
				EDCDFCA8264C2A0C00B3DB6E /* Sources */,
				EDCDFCA9264C2A0C00B3DB6E /* Frameworks */,
				EDCDFCAA264C2A0C00B3DB6E /* Resources */,
			);
			buildRules = (
			);
			dependencies = (
			);
			name = MusicNetworkClip;
			productName = MusicNetworkClip;
			productReference = EDCDFCAC264C2A0C00B3DB6E /* MusicNetworkClip.app */;
			productType = "com.apple.product-type.application.on-demand-install-capable";
		};
/* End PBXNativeTarget section */

/* Begin PBXProject section */
		EDC1BFC6232676E7004E4A94 /* Project object */ = {
			isa = PBXProject;
			attributes = {
				LastSwiftUpdateCheck = 1250;
				LastUpgradeCheck = 1200;
				ORGANIZATIONNAME = "Genar Codina Reverter";
				TargetAttributes = {
					EDC1BFCD232676E7004E4A94 = {
						CreatedOnToolsVersion = 10.3;
					};
					EDC1BFE1232676E9004E4A94 = {
						CreatedOnToolsVersion = 10.3;
						TestTargetID = EDC1BFCD232676E7004E4A94;
					};
					EDC1BFEC232676E9004E4A94 = {
						CreatedOnToolsVersion = 10.3;
						TestTargetID = EDC1BFCD232676E7004E4A94;
					};
					EDCDFCAB264C2A0C00B3DB6E = {
						CreatedOnToolsVersion = 12.5;
					};
				};
			};
			buildConfigurationList = EDC1BFC9232676E7004E4A94 /* Build configuration list for PBXProject "MusicNetwork" */;
			compatibilityVersion = "Xcode 9.3";
			developmentRegion = en;
			hasScannedForEncodings = 0;
			knownRegions = (
				en,
				Base,
				es,
			);
			mainGroup = EDC1BFC5232676E7004E4A94;
			productRefGroup = EDC1BFCF232676E7004E4A94 /* Products */;
			projectDirPath = "";
			projectRoot = "";
			targets = (
				EDC1BFCD232676E7004E4A94 /* MusicNetwork */,
				EDC1BFE1232676E9004E4A94 /* MusicNetworkTests */,
				EDC1BFEC232676E9004E4A94 /* MusicNetworkUITests */,
				EDCDFCAB264C2A0C00B3DB6E /* MusicNetworkClip */,
			);
		};
/* End PBXProject section */

/* Begin PBXResourcesBuildPhase section */
		EDC1BFCC232676E7004E4A94 /* Resources */ = {
			isa = PBXResourcesBuildPhase;
			buildActionMask = 2147483647;
			files = (
				EDC1BFDC232676E9004E4A94 /* LaunchScreen.storyboard in Resources */,
				ED5AE5FF252E381500B9F61B /* Localizable.strings in Resources */,
				EEC516212655700800E59FA1 /* GoogleService-Info.plist in Resources */,
				EDC1BFD9232676E9004E4A94 /* Assets.xcassets in Resources */,
				EDC1BFD7232676E7004E4A94 /* Main.storyboard in Resources */,
			);
			runOnlyForDeploymentPostprocessing = 0;
		};
		EDC1BFE0232676E9004E4A94 /* Resources */ = {
			isa = PBXResourcesBuildPhase;
			buildActionMask = 2147483647;
			files = (
				ED5AE600252E381500B9F61B /* Localizable.strings in Resources */,
			);
			runOnlyForDeploymentPostprocessing = 0;
		};
		EDC1BFEB232676E9004E4A94 /* Resources */ = {
			isa = PBXResourcesBuildPhase;
			buildActionMask = 2147483647;
			files = (
			);
			runOnlyForDeploymentPostprocessing = 0;
		};
		EDCDFCAA264C2A0C00B3DB6E /* Resources */ = {
			isa = PBXResourcesBuildPhase;
			buildActionMask = 2147483647;
			files = (
				EDCDFCBB264C2A1300B3DB6E /* LaunchScreen.storyboard in Resources */,
				EDCDFCB8264C2A1300B3DB6E /* Assets.xcassets in Resources */,
				ED3C79A2264C424B00B14EEC /* Main.storyboard in Resources */,
			);
			runOnlyForDeploymentPostprocessing = 0;
		};
/* End PBXResourcesBuildPhase section */

/* Begin PBXShellScriptBuildPhase section */
		296CE6A1B43D9C3A545B598D /* [CP] Check Pods Manifest.lock */ = {
			isa = PBXShellScriptBuildPhase;
			buildActionMask = 2147483647;
			files = (
			);
			inputFileListPaths = (
			);
			inputPaths = (
				"${PODS_PODFILE_DIR_PATH}/Podfile.lock",
				"${PODS_ROOT}/Manifest.lock",
			);
			name = "[CP] Check Pods Manifest.lock";
			outputFileListPaths = (
			);
			outputPaths = (
				"$(DERIVED_FILE_DIR)/Pods-MusicNetwork-checkManifestLockResult.txt",
			);
			runOnlyForDeploymentPostprocessing = 0;
			shellPath = /bin/sh;
			shellScript = "diff \"${PODS_PODFILE_DIR_PATH}/Podfile.lock\" \"${PODS_ROOT}/Manifest.lock\" > /dev/null\nif [ $? != 0 ] ; then\n    # print error to STDERR\n    echo \"error: The sandbox is not in sync with the Podfile.lock. Run 'pod install' or update your CocoaPods installation.\" >&2\n    exit 1\nfi\n# This output is used by Xcode 'outputs' to avoid re-running this script phase.\necho \"SUCCESS\" > \"${SCRIPT_OUTPUT_FILE_0}\"\n";
			showEnvVarsInLog = 0;
		};
		5902B77D99728503128E4A09 /* [CP] Check Pods Manifest.lock */ = {
			isa = PBXShellScriptBuildPhase;
			buildActionMask = 2147483647;
			files = (
			);
			inputFileListPaths = (
			);
			inputPaths = (
				"${PODS_PODFILE_DIR_PATH}/Podfile.lock",
				"${PODS_ROOT}/Manifest.lock",
			);
			name = "[CP] Check Pods Manifest.lock";
			outputFileListPaths = (
			);
			outputPaths = (
				"$(DERIVED_FILE_DIR)/Pods-MusicNetworkUITests-checkManifestLockResult.txt",
			);
			runOnlyForDeploymentPostprocessing = 0;
			shellPath = /bin/sh;
			shellScript = "diff \"${PODS_PODFILE_DIR_PATH}/Podfile.lock\" \"${PODS_ROOT}/Manifest.lock\" > /dev/null\nif [ $? != 0 ] ; then\n    # print error to STDERR\n    echo \"error: The sandbox is not in sync with the Podfile.lock. Run 'pod install' or update your CocoaPods installation.\" >&2\n    exit 1\nfi\n# This output is used by Xcode 'outputs' to avoid re-running this script phase.\necho \"SUCCESS\" > \"${SCRIPT_OUTPUT_FILE_0}\"\n";
			showEnvVarsInLog = 0;
		};
		7E94D9DF35565C69BC7B3F70 /* [CP] Embed Pods Frameworks */ = {
			isa = PBXShellScriptBuildPhase;
			buildActionMask = 2147483647;
			files = (
			);
			inputFileListPaths = (
				"${PODS_ROOT}/Target Support Files/Pods-MusicNetwork/Pods-MusicNetwork-frameworks-${CONFIGURATION}-input-files.xcfilelist",
			);
			name = "[CP] Embed Pods Frameworks";
			outputFileListPaths = (
				"${PODS_ROOT}/Target Support Files/Pods-MusicNetwork/Pods-MusicNetwork-frameworks-${CONFIGURATION}-output-files.xcfilelist",
			);
			runOnlyForDeploymentPostprocessing = 0;
			shellPath = /bin/sh;
			shellScript = "\"${PODS_ROOT}/Target Support Files/Pods-MusicNetwork/Pods-MusicNetwork-frameworks.sh\"\n";
			showEnvVarsInLog = 0;
		};
		9243F758FA5129F60BC550E0 /* [CP] Check Pods Manifest.lock */ = {
			isa = PBXShellScriptBuildPhase;
			buildActionMask = 2147483647;
			files = (
			);
			inputFileListPaths = (
			);
			inputPaths = (
				"${PODS_PODFILE_DIR_PATH}/Podfile.lock",
				"${PODS_ROOT}/Manifest.lock",
			);
			name = "[CP] Check Pods Manifest.lock";
			outputFileListPaths = (
			);
			outputPaths = (
				"$(DERIVED_FILE_DIR)/Pods-MusicNetworkTests-checkManifestLockResult.txt",
			);
			runOnlyForDeploymentPostprocessing = 0;
			shellPath = /bin/sh;
			shellScript = "diff \"${PODS_PODFILE_DIR_PATH}/Podfile.lock\" \"${PODS_ROOT}/Manifest.lock\" > /dev/null\nif [ $? != 0 ] ; then\n    # print error to STDERR\n    echo \"error: The sandbox is not in sync with the Podfile.lock. Run 'pod install' or update your CocoaPods installation.\" >&2\n    exit 1\nfi\n# This output is used by Xcode 'outputs' to avoid re-running this script phase.\necho \"SUCCESS\" > \"${SCRIPT_OUTPUT_FILE_0}\"\n";
			showEnvVarsInLog = 0;
		};
/* End PBXShellScriptBuildPhase section */

/* Begin PBXSourcesBuildPhase section */
		EDC1BFCA232676E7004E4A94 /* Sources */ = {
			isa = PBXSourcesBuildPhase;
			buildActionMask = 2147483647;
			files = (
				EDC1C0122326A5E2004E4A94 /* MusicItemsProtocols.swift in Sources */,
				ED149966264C598000CD1394 /* Array+UrlElement.swift in Sources */,
				ED503ACC25AF66D900622EF6 /* AsyncOperation.swift in Sources */,
				ED8090F625B1FB3100C53995 /* ImageDataProvider.swift in Sources */,
				EDC1BFD4232676E7004E4A94 /* MusicItemsViewController.swift in Sources */,
				EDA76CCC2327A9A400FC8307 /* MusicDetailViewController.swift in Sources */,
				ED503AC325AF4CEC00622EF6 /* TiltShiftOperation.swift in Sources */,
				EDA76CD22327BF2300FC8307 /* EAImageManager.swift in Sources */,
				ED3B61E8232FE8FF008DE713 /* EAWhatsAppManager.swift in Sources */,
				EDD651D125A4C76E00F1D7D7 /* KeepIndexDelegate.swift in Sources */,
				EDC1BFD2232676E7004E4A94 /* AppDelegate.swift in Sources */,
				EDC1C00923268EF5004E4A94 /* MusicItem.swift in Sources */,
				ED503AD125AF68A700622EF6 /* NetworkImageOperation.swift in Sources */,
				ED3B61EC232FEDB8008DE713 /* EALineManager.swift in Sources */,
				EDC1C00F2326A361004E4A94 /* Background+Queue.swift in Sources */,
				EDA76CC1232785B800FC8307 /* Date+CustomFormatter.swift in Sources */,
				EDC8596425AF40BB00D62904 /* TiltShiftFilter.swift in Sources */,
				EDB96141232ABA590055E502 /* EAKeyChainService.swift in Sources */,
				ED3B61EA232FECE6008DE713 /* EAMessageManager.swift in Sources */,
				EDB96146232ABAE90055E502 /* EAKeychainServiceProtocol.swift in Sources */,
				EDA76CD72327C77E00FC8307 /* EAInstagramManager.swift in Sources */,
				EDC1C0142326A700004E4A94 /* MusicItemsRouter.swift in Sources */,
				EDC1C0192326B89E004E4A94 /* SearchResponse.swift in Sources */,
				EDC1C00B2326A042004E4A94 /* MusicItemsInteractor.swift in Sources */,
				EDA76CC3232794AF00FC8307 /* Decimal+StringFormatter.swift in Sources */,
				EDC1C00723268503004E4A94 /* MusicItemTableViewCell.swift in Sources */,
				ED3B61E3232FE4DD008DE713 /* OpenUrl+String.swift in Sources */,
				EDC1C0162326A8DE004E4A94 /* MusicItemsPresenter.swift in Sources */,
				ED5AE5DD252E358500B9F61B /* String+Localizable.swift in Sources */,
			);
			runOnlyForDeploymentPostprocessing = 0;
		};
		EDC1BFDE232676E9004E4A94 /* Sources */ = {
			isa = PBXSourcesBuildPhase;
			buildActionMask = 2147483647;
			files = (
				EDC1BFE7232676E9004E4A94 /* MusicNetworkTests.swift in Sources */,
				ED5AE5DE252E358500B9F61B /* String+Localizable.swift in Sources */,
			);
			runOnlyForDeploymentPostprocessing = 0;
		};
		EDC1BFE9232676E9004E4A94 /* Sources */ = {
			isa = PBXSourcesBuildPhase;
			buildActionMask = 2147483647;
			files = (
				EDC1BFF2232676E9004E4A94 /* MusicNetworkUITests.swift in Sources */,
			);
			runOnlyForDeploymentPostprocessing = 0;
		};
		EDCDFCA8264C2A0C00B3DB6E /* Sources */ = {
			isa = PBXSourcesBuildPhase;
			buildActionMask = 2147483647;
			files = (
				EDCDFCC6264C38B800B3DB6E /* MusicItem.swift in Sources */,
				EDCDFCC7264C38DE00B3DB6E /* EAMessageManager.swift in Sources */,
				EDCDFCCA264C391A00B3DB6E /* OpenUrl+String.swift in Sources */,
				EDCDFCC5264C389A00B3DB6E /* MusicDetailViewController.swift in Sources */,
				ED149967264C598000CD1394 /* Array+UrlElement.swift in Sources */,
				EDCDFCC8264C38E300B3DB6E /* EAWhatsAppManager.swift in Sources */,
				EDCDFCAF264C2A0C00B3DB6E /* AppDelegate.swift in Sources */,
				EDCDFCCB264C394C00B3DB6E /* EAImageManager.swift in Sources */,
				EDCDFCB1264C2A0C00B3DB6E /* SceneDelegate.swift in Sources */,
				EDCDFCC9264C38E700B3DB6E /* EALineManager.swift in Sources */,
			);
			runOnlyForDeploymentPostprocessing = 0;
		};
/* End PBXSourcesBuildPhase section */

/* Begin PBXTargetDependency section */
		EDC1BFE4232676E9004E4A94 /* PBXTargetDependency */ = {
			isa = PBXTargetDependency;
			target = EDC1BFCD232676E7004E4A94 /* MusicNetwork */;
			targetProxy = EDC1BFE3232676E9004E4A94 /* PBXContainerItemProxy */;
		};
		EDC1BFEF232676E9004E4A94 /* PBXTargetDependency */ = {
			isa = PBXTargetDependency;
			target = EDC1BFCD232676E7004E4A94 /* MusicNetwork */;
			targetProxy = EDC1BFEE232676E9004E4A94 /* PBXContainerItemProxy */;
		};
		EDCDFCBF264C2A1300B3DB6E /* PBXTargetDependency */ = {
			isa = PBXTargetDependency;
			target = EDCDFCAB264C2A0C00B3DB6E /* MusicNetworkClip */;
			targetProxy = EDCDFCBE264C2A1300B3DB6E /* PBXContainerItemProxy */;
		};
/* End PBXTargetDependency section */

/* Begin PBXVariantGroup section */
		ED5AE602252E381500B9F61B /* Localizable.strings */ = {
			isa = PBXVariantGroup;
			children = (
				ED5AE601252E381500B9F61B /* en */,
				ED5AE603252E381900B9F61B /* es */,
			);
			name = Localizable.strings;
			sourceTree = "<group>";
		};
		EDC1BFD5232676E7004E4A94 /* Main.storyboard */ = {
			isa = PBXVariantGroup;
			children = (
				EDC1BFD6232676E7004E4A94 /* Base */,
				ED5AE5F4252E374500B9F61B /* es */,
			);
			name = Main.storyboard;
			sourceTree = "<group>";
		};
		EDC1BFDA232676E9004E4A94 /* LaunchScreen.storyboard */ = {
			isa = PBXVariantGroup;
			children = (
				EDC1BFDB232676E9004E4A94 /* Base */,
				ED5AE5F5252E374500B9F61B /* es */,
			);
			name = LaunchScreen.storyboard;
			sourceTree = "<group>";
		};
		EDCDFCB9264C2A1300B3DB6E /* LaunchScreen.storyboard */ = {
			isa = PBXVariantGroup;
			children = (
				EDCDFCBA264C2A1300B3DB6E /* Base */,
			);
			name = LaunchScreen.storyboard;
			sourceTree = "<group>";
		};
/* End PBXVariantGroup section */

/* Begin XCBuildConfiguration section */
		EDC1BFF4232676E9004E4A94 /* Debug */ = {
			isa = XCBuildConfiguration;
			buildSettings = {
				ALWAYS_SEARCH_USER_PATHS = NO;
				CLANG_ANALYZER_LOCALIZABILITY_NONLOCALIZED = YES;
				CLANG_ANALYZER_NONNULL = YES;
				CLANG_ANALYZER_NUMBER_OBJECT_CONVERSION = YES_AGGRESSIVE;
				CLANG_CXX_LANGUAGE_STANDARD = "gnu++14";
				CLANG_CXX_LIBRARY = "libc++";
				CLANG_ENABLE_MODULES = YES;
				CLANG_ENABLE_OBJC_ARC = YES;
				CLANG_ENABLE_OBJC_WEAK = YES;
				CLANG_WARN_BLOCK_CAPTURE_AUTORELEASING = YES;
				CLANG_WARN_BOOL_CONVERSION = YES;
				CLANG_WARN_COMMA = YES;
				CLANG_WARN_CONSTANT_CONVERSION = YES;
				CLANG_WARN_DEPRECATED_OBJC_IMPLEMENTATIONS = YES;
				CLANG_WARN_DIRECT_OBJC_ISA_USAGE = YES_ERROR;
				CLANG_WARN_DOCUMENTATION_COMMENTS = YES;
				CLANG_WARN_EMPTY_BODY = YES;
				CLANG_WARN_ENUM_CONVERSION = YES;
				CLANG_WARN_INFINITE_RECURSION = YES;
				CLANG_WARN_INT_CONVERSION = YES;
				CLANG_WARN_NON_LITERAL_NULL_CONVERSION = YES;
				CLANG_WARN_OBJC_IMPLICIT_RETAIN_SELF = YES;
				CLANG_WARN_OBJC_LITERAL_CONVERSION = YES;
				CLANG_WARN_OBJC_ROOT_CLASS = YES_ERROR;
				CLANG_WARN_QUOTED_INCLUDE_IN_FRAMEWORK_HEADER = YES;
				CLANG_WARN_RANGE_LOOP_ANALYSIS = YES;
				CLANG_WARN_STRICT_PROTOTYPES = YES;
				CLANG_WARN_SUSPICIOUS_MOVE = YES;
				CLANG_WARN_UNGUARDED_AVAILABILITY = YES_AGGRESSIVE;
				CLANG_WARN_UNREACHABLE_CODE = YES;
				CLANG_WARN__DUPLICATE_METHOD_MATCH = YES;
				CODE_SIGN_IDENTITY = "iPhone Developer";
				COPY_PHASE_STRIP = NO;
				DEBUG_INFORMATION_FORMAT = dwarf;
				ENABLE_STRICT_OBJC_MSGSEND = YES;
				ENABLE_TESTABILITY = YES;
				GCC_C_LANGUAGE_STANDARD = gnu11;
				GCC_DYNAMIC_NO_PIC = NO;
				GCC_NO_COMMON_BLOCKS = YES;
				GCC_OPTIMIZATION_LEVEL = 0;
				GCC_PREPROCESSOR_DEFINITIONS = (
					"DEBUG=1",
					"$(inherited)",
				);
				GCC_WARN_64_TO_32_BIT_CONVERSION = YES;
				GCC_WARN_ABOUT_RETURN_TYPE = YES_ERROR;
				GCC_WARN_UNDECLARED_SELECTOR = YES;
				GCC_WARN_UNINITIALIZED_AUTOS = YES_AGGRESSIVE;
				GCC_WARN_UNUSED_FUNCTION = YES;
				GCC_WARN_UNUSED_VARIABLE = YES;
				IPHONEOS_DEPLOYMENT_TARGET = 14.1;
				MTL_ENABLE_DEBUG_INFO = INCLUDE_SOURCE;
				MTL_FAST_MATH = YES;
				ONLY_ACTIVE_ARCH = YES;
				OTHER_LDFLAGS = "-ObjC";
				SDKROOT = iphoneos;
				SWIFT_ACTIVE_COMPILATION_CONDITIONS = DEBUG;
				SWIFT_OPTIMIZATION_LEVEL = "-Onone";
			};
			name = Debug;
		};
		EDC1BFF5232676E9004E4A94 /* Release */ = {
			isa = XCBuildConfiguration;
			buildSettings = {
				ALWAYS_SEARCH_USER_PATHS = NO;
				CLANG_ANALYZER_LOCALIZABILITY_NONLOCALIZED = YES;
				CLANG_ANALYZER_NONNULL = YES;
				CLANG_ANALYZER_NUMBER_OBJECT_CONVERSION = YES_AGGRESSIVE;
				CLANG_CXX_LANGUAGE_STANDARD = "gnu++14";
				CLANG_CXX_LIBRARY = "libc++";
				CLANG_ENABLE_MODULES = YES;
				CLANG_ENABLE_OBJC_ARC = YES;
				CLANG_ENABLE_OBJC_WEAK = YES;
				CLANG_WARN_BLOCK_CAPTURE_AUTORELEASING = YES;
				CLANG_WARN_BOOL_CONVERSION = YES;
				CLANG_WARN_COMMA = YES;
				CLANG_WARN_CONSTANT_CONVERSION = YES;
				CLANG_WARN_DEPRECATED_OBJC_IMPLEMENTATIONS = YES;
				CLANG_WARN_DIRECT_OBJC_ISA_USAGE = YES_ERROR;
				CLANG_WARN_DOCUMENTATION_COMMENTS = YES;
				CLANG_WARN_EMPTY_BODY = YES;
				CLANG_WARN_ENUM_CONVERSION = YES;
				CLANG_WARN_INFINITE_RECURSION = YES;
				CLANG_WARN_INT_CONVERSION = YES;
				CLANG_WARN_NON_LITERAL_NULL_CONVERSION = YES;
				CLANG_WARN_OBJC_IMPLICIT_RETAIN_SELF = YES;
				CLANG_WARN_OBJC_LITERAL_CONVERSION = YES;
				CLANG_WARN_OBJC_ROOT_CLASS = YES_ERROR;
				CLANG_WARN_QUOTED_INCLUDE_IN_FRAMEWORK_HEADER = YES;
				CLANG_WARN_RANGE_LOOP_ANALYSIS = YES;
				CLANG_WARN_STRICT_PROTOTYPES = YES;
				CLANG_WARN_SUSPICIOUS_MOVE = YES;
				CLANG_WARN_UNGUARDED_AVAILABILITY = YES_AGGRESSIVE;
				CLANG_WARN_UNREACHABLE_CODE = YES;
				CLANG_WARN__DUPLICATE_METHOD_MATCH = YES;
				CODE_SIGN_IDENTITY = "iPhone Developer";
				COPY_PHASE_STRIP = NO;
				DEBUG_INFORMATION_FORMAT = "dwarf-with-dsym";
				ENABLE_NS_ASSERTIONS = NO;
				ENABLE_STRICT_OBJC_MSGSEND = YES;
				GCC_C_LANGUAGE_STANDARD = gnu11;
				GCC_NO_COMMON_BLOCKS = YES;
				GCC_WARN_64_TO_32_BIT_CONVERSION = YES;
				GCC_WARN_ABOUT_RETURN_TYPE = YES_ERROR;
				GCC_WARN_UNDECLARED_SELECTOR = YES;
				GCC_WARN_UNINITIALIZED_AUTOS = YES_AGGRESSIVE;
				GCC_WARN_UNUSED_FUNCTION = YES;
				GCC_WARN_UNUSED_VARIABLE = YES;
				IPHONEOS_DEPLOYMENT_TARGET = 14.1;
				MTL_ENABLE_DEBUG_INFO = NO;
				MTL_FAST_MATH = YES;
				OTHER_LDFLAGS = "-ObjC";
				SDKROOT = iphoneos;
				SWIFT_COMPILATION_MODE = wholemodule;
				SWIFT_OPTIMIZATION_LEVEL = "-O";
				VALIDATE_PRODUCT = YES;
			};
			name = Release;
		};
		EDC1BFF7232676E9004E4A94 /* Debug */ = {
			isa = XCBuildConfiguration;
			baseConfigurationReference = 11C543B2F3C1BF8B5E505EBC /* Pods-MusicNetwork.debug.xcconfig */;
			buildSettings = {
				ALWAYS_EMBED_SWIFT_STANDARD_LIBRARIES = YES;
				ASSETCATALOG_COMPILER_APPICON_NAME = AppIcon;
				CODE_SIGN_STYLE = Automatic;
				CURRENT_PROJECT_VERSION = 3;
				DEVELOPMENT_TEAM = KG8MX2KZLY;
				INFOPLIST_FILE = MusicNetwork/Info.plist;
				LD_RUNPATH_SEARCH_PATHS = (
					"$(inherited)",
					"@executable_path/Frameworks",
				);
				PRODUCT_BUNDLE_IDENTIFIER = org.genar.MusicNetwork;
				PRODUCT_NAME = "$(TARGET_NAME)";
				SWIFT_VERSION = 5.0;
				TARGETED_DEVICE_FAMILY = "1,2";
			};
			name = Debug;
		};
		EDC1BFF8232676E9004E4A94 /* Release */ = {
			isa = XCBuildConfiguration;
			baseConfigurationReference = 08D7E20FA8DD21C48DE53CCA /* Pods-MusicNetwork.release.xcconfig */;
			buildSettings = {
				ALWAYS_EMBED_SWIFT_STANDARD_LIBRARIES = YES;
				ASSETCATALOG_COMPILER_APPICON_NAME = AppIcon;
				CODE_SIGN_STYLE = Automatic;
				CURRENT_PROJECT_VERSION = 3;
				DEVELOPMENT_TEAM = KG8MX2KZLY;
				INFOPLIST_FILE = MusicNetwork/Info.plist;
				LD_RUNPATH_SEARCH_PATHS = (
					"$(inherited)",
					"@executable_path/Frameworks",
				);
				PRODUCT_BUNDLE_IDENTIFIER = org.genar.MusicNetwork;
				PRODUCT_NAME = "$(TARGET_NAME)";
				SWIFT_VERSION = 5.0;
				TARGETED_DEVICE_FAMILY = "1,2";
			};
			name = Release;
		};
		EDC1BFFA232676E9004E4A94 /* Debug */ = {
			isa = XCBuildConfiguration;
			baseConfigurationReference = 21E06BDAD6C5C046D478EE49 /* Pods-MusicNetworkTests.debug.xcconfig */;
			buildSettings = {
				ALWAYS_EMBED_SWIFT_STANDARD_LIBRARIES = YES;
				BUNDLE_LOADER = "$(TEST_HOST)";
				CODE_SIGN_STYLE = Automatic;
				DEVELOPMENT_TEAM = KG8MX2KZLY;
				INFOPLIST_FILE = MusicNetworkTests/Info.plist;
				LD_RUNPATH_SEARCH_PATHS = (
					"$(inherited)",
					"@executable_path/Frameworks",
					"@loader_path/Frameworks",
				);
				PRODUCT_BUNDLE_IDENTIFIER = org.genar.MusicNetworkTests;
				PRODUCT_NAME = "$(TARGET_NAME)";
				SWIFT_VERSION = 5.0;
				TARGETED_DEVICE_FAMILY = "1,2";
				TEST_HOST = "$(BUILT_PRODUCTS_DIR)/MusicNetwork.app/MusicNetwork";
			};
			name = Debug;
		};
		EDC1BFFB232676E9004E4A94 /* Release */ = {
			isa = XCBuildConfiguration;
			baseConfigurationReference = C26D8FBADD379FDC4BD0D061 /* Pods-MusicNetworkTests.release.xcconfig */;
			buildSettings = {
				ALWAYS_EMBED_SWIFT_STANDARD_LIBRARIES = YES;
				BUNDLE_LOADER = "$(TEST_HOST)";
				CODE_SIGN_STYLE = Automatic;
				DEVELOPMENT_TEAM = KG8MX2KZLY;
				INFOPLIST_FILE = MusicNetworkTests/Info.plist;
				LD_RUNPATH_SEARCH_PATHS = (
					"$(inherited)",
					"@executable_path/Frameworks",
					"@loader_path/Frameworks",
				);
				PRODUCT_BUNDLE_IDENTIFIER = org.genar.MusicNetworkTests;
				PRODUCT_NAME = "$(TARGET_NAME)";
				SWIFT_VERSION = 5.0;
				TARGETED_DEVICE_FAMILY = "1,2";
				TEST_HOST = "$(BUILT_PRODUCTS_DIR)/MusicNetwork.app/MusicNetwork";
			};
			name = Release;
		};
		EDC1BFFD232676E9004E4A94 /* Debug */ = {
			isa = XCBuildConfiguration;
			baseConfigurationReference = BF7AC4FBC62F4F03E2FA0142 /* Pods-MusicNetworkUITests.debug.xcconfig */;
			buildSettings = {
				ALWAYS_EMBED_SWIFT_STANDARD_LIBRARIES = YES;
				CODE_SIGN_STYLE = Automatic;
				DEVELOPMENT_TEAM = KG8MX2KZLY;
				INFOPLIST_FILE = MusicNetworkUITests/Info.plist;
				LD_RUNPATH_SEARCH_PATHS = (
					"$(inherited)",
					"@executable_path/Frameworks",
					"@loader_path/Frameworks",
				);
				PRODUCT_BUNDLE_IDENTIFIER = org.genar.MusicNetworkUITests;
				PRODUCT_NAME = "$(TARGET_NAME)";
				SWIFT_VERSION = 5.0;
				TARGETED_DEVICE_FAMILY = "1,2";
				TEST_TARGET_NAME = MusicNetwork;
			};
			name = Debug;
		};
		EDC1BFFE232676E9004E4A94 /* Release */ = {
			isa = XCBuildConfiguration;
			baseConfigurationReference = B87EF19D555EC5520A7739FA /* Pods-MusicNetworkUITests.release.xcconfig */;
			buildSettings = {
				ALWAYS_EMBED_SWIFT_STANDARD_LIBRARIES = YES;
				CODE_SIGN_STYLE = Automatic;
				DEVELOPMENT_TEAM = KG8MX2KZLY;
				INFOPLIST_FILE = MusicNetworkUITests/Info.plist;
				LD_RUNPATH_SEARCH_PATHS = (
					"$(inherited)",
					"@executable_path/Frameworks",
					"@loader_path/Frameworks",
				);
				PRODUCT_BUNDLE_IDENTIFIER = org.genar.MusicNetworkUITests;
				PRODUCT_NAME = "$(TARGET_NAME)";
				SWIFT_VERSION = 5.0;
				TARGETED_DEVICE_FAMILY = "1,2";
				TEST_TARGET_NAME = MusicNetwork;
			};
			name = Release;
		};
		EDCDFCC2264C2A1300B3DB6E /* Debug */ = {
			isa = XCBuildConfiguration;
			buildSettings = {
				ASSETCATALOG_COMPILER_APPICON_NAME = AppIcon;
				ASSETCATALOG_COMPILER_GLOBAL_ACCENT_COLOR_NAME = AccentColor;
				CODE_SIGN_ENTITLEMENTS = MusicNetworkClip/MusicNetworkClip.entitlements;
				CODE_SIGN_STYLE = Automatic;
				CURRENT_PROJECT_VERSION = 3;
				DEVELOPMENT_TEAM = KG8MX2KZLY;
				INFOPLIST_FILE = MusicNetworkClip/Info.plist;
				IPHONEOS_DEPLOYMENT_TARGET = 14.1;
				LD_RUNPATH_SEARCH_PATHS = (
					"$(inherited)",
					"@executable_path/Frameworks",
				);
				PRODUCT_BUNDLE_IDENTIFIER = org.genar.MusicNetwork.Clip;
				PRODUCT_NAME = "$(TARGET_NAME)";
				SWIFT_ACTIVE_COMPILATION_CONDITIONS = "DEBUG APPCLIP";
				SWIFT_VERSION = 5.0;
				TARGETED_DEVICE_FAMILY = "1,2";
			};
			name = Debug;
		};
		EDCDFCC3264C2A1300B3DB6E /* Release */ = {
			isa = XCBuildConfiguration;
			buildSettings = {
				ASSETCATALOG_COMPILER_APPICON_NAME = AppIcon;
				ASSETCATALOG_COMPILER_GLOBAL_ACCENT_COLOR_NAME = AccentColor;
				CODE_SIGN_ENTITLEMENTS = MusicNetworkClip/MusicNetworkClip.entitlements;
				CODE_SIGN_STYLE = Automatic;
				CURRENT_PROJECT_VERSION = 3;
				DEVELOPMENT_TEAM = KG8MX2KZLY;
				INFOPLIST_FILE = MusicNetworkClip/Info.plist;
				IPHONEOS_DEPLOYMENT_TARGET = 14.1;
				LD_RUNPATH_SEARCH_PATHS = (
					"$(inherited)",
					"@executable_path/Frameworks",
				);
				PRODUCT_BUNDLE_IDENTIFIER = org.genar.MusicNetwork.Clip;
				PRODUCT_NAME = "$(TARGET_NAME)";
				SWIFT_ACTIVE_COMPILATION_CONDITIONS = APPCLIP;
				SWIFT_VERSION = 5.0;
				TARGETED_DEVICE_FAMILY = "1,2";
			};
			name = Release;
		};
/* End XCBuildConfiguration section */

/* Begin XCConfigurationList section */
		EDC1BFC9232676E7004E4A94 /* Build configuration list for PBXProject "MusicNetwork" */ = {
			isa = XCConfigurationList;
			buildConfigurations = (
				EDC1BFF4232676E9004E4A94 /* Debug */,
				EDC1BFF5232676E9004E4A94 /* Release */,
			);
			defaultConfigurationIsVisible = 0;
			defaultConfigurationName = Release;
		};
		EDC1BFF6232676E9004E4A94 /* Build configuration list for PBXNativeTarget "MusicNetwork" */ = {
			isa = XCConfigurationList;
			buildConfigurations = (
				EDC1BFF7232676E9004E4A94 /* Debug */,
				EDC1BFF8232676E9004E4A94 /* Release */,
			);
			defaultConfigurationIsVisible = 0;
			defaultConfigurationName = Release;
		};
		EDC1BFF9232676E9004E4A94 /* Build configuration list for PBXNativeTarget "MusicNetworkTests" */ = {
			isa = XCConfigurationList;
			buildConfigurations = (
				EDC1BFFA232676E9004E4A94 /* Debug */,
				EDC1BFFB232676E9004E4A94 /* Release */,
			);
			defaultConfigurationIsVisible = 0;
			defaultConfigurationName = Release;
		};
		EDC1BFFC232676E9004E4A94 /* Build configuration list for PBXNativeTarget "MusicNetworkUITests" */ = {
			isa = XCConfigurationList;
			buildConfigurations = (
				EDC1BFFD232676E9004E4A94 /* Debug */,
				EDC1BFFE232676E9004E4A94 /* Release */,
			);
			defaultConfigurationIsVisible = 0;
			defaultConfigurationName = Release;
		};
		EDCDFCC1264C2A1300B3DB6E /* Build configuration list for PBXNativeTarget "MusicNetworkClip" */ = {
			isa = XCConfigurationList;
			buildConfigurations = (
				EDCDFCC2264C2A1300B3DB6E /* Debug */,
				EDCDFCC3264C2A1300B3DB6E /* Release */,
			);
			defaultConfigurationIsVisible = 0;
			defaultConfigurationName = Release;
		};
/* End XCConfigurationList section */
	};
	rootObject = EDC1BFC6232676E7004E4A94 /* Project object */;
}
