<?xml version="1.0" encoding="UTF-8"?>
<Scheme
   LastUpgradeVersion = "1250"
   version = "1.3">
   <BuildAction
      parallelizeBuildables = "YES"
      buildImplicitDependencies = "YES">
      <BuildActionEntries>
         <BuildActionEntry
            buildForTesting = "YES"
            buildForRunning = "YES"
            buildForProfiling = "YES"
            buildForArchiving = "YES"
            buildForAnalyzing = "YES">
            <BuildableReference
               BuildableIdentifier = "primary"
               BlueprintIdentifier = "EDCDFCAB264C2A0C00B3DB6E"
               BuildableName = "MusicNetworkClip.app"
               BlueprintName = "MusicNetworkClip"
               ReferencedContainer = "container:MusicNetwork.xcodeproj">
            </BuildableReference>
         </BuildActionEntry>
      </BuildActionEntries>
   </BuildAction>
   <TestAction
      buildConfiguration = "Debug"
      selectedDebuggerIdentifier = "Xcode.DebuggerFoundation.Debugger.LLDB"
      selectedLauncherIdentifier = "Xcode.DebuggerFoundation.Launcher.LLDB"
      shouldUseLaunchSchemeArgsEnv = "YES">
      <Testables>
      </Testables>
   </TestAction>
   <LaunchAction
      buildConfiguration = "Debug"
      selectedDebuggerIdentifier = "Xcode.DebuggerFoundation.Debugger.LLDB"
      selectedLauncherIdentifier = "Xcode.DebuggerFoundation.Launcher.LLDB"
      launchStyle = "0"
      useCustomWorkingDirectory = "NO"
      ignoresPersistentStateOnLaunch = "NO"
      debugDocumentVersioning = "YES"
      debugServiceExtension = "internal"
      allowLocationSimulation = "YES">
      <BuildableProductRunnable
         runnableDebuggingMode = "0">
         <BuildableReference
            BuildableIdentifier = "primary"
            BlueprintIdentifier = "EDCDFCAB264C2A0C00B3DB6E"
            BuildableName = "MusicNetworkClip.app"
            BlueprintName = "MusicNetworkClip"
            ReferencedContainer = "container:MusicNetwork.xcodeproj">
         </BuildableReference>
      </BuildableProductRunnable>
      <EnvironmentVariables>
         <EnvironmentVariable
            key = "_XCAppClipURL"
            value = "https://musicnetwork-evmobile.web.app/clips?artist=Toto,%20Steve%20Lukather,%20David%20Paic%20and%20Steve%20Porcaro&amp;previewUrl=https://video-ssl.itunes.apple.com/itunes-assets/Video122/v4/49/0d/36/490d3640-d47e-fa45-635c-67d8853185f3/mzvf_5380544436584296202.640x476.h264lc.U.p.m4v&amp;artworkUrl100=https://is5-ssl.mzstatic.com/image/thumb/Video3/v4/ff/7f/87/ff7f87de-81d4-2d34-bcdb-30a0ef93439d/source/100x100bb.jpg&amp;latitude=41.8271&amp;longitude=1.8922"
            isEnabled = "YES">
         </EnvironmentVariable>
      </EnvironmentVariables>
   </LaunchAction>
   <ProfileAction
      buildConfiguration = "Release"
      shouldUseLaunchSchemeArgsEnv = "YES"
      savedToolIdentifier = ""
      useCustomWorkingDirectory = "NO"
      debugDocumentVersioning = "YES">
      <BuildableProductRunnable
         runnableDebuggingMode = "0">
         <BuildableReference
            BuildableIdentifier = "primary"
            BlueprintIdentifier = "EDCDFCAB264C2A0C00B3DB6E"
            BuildableName = "MusicNetworkClip.app"
            BlueprintName = "MusicNetworkClip"
            ReferencedContainer = "container:MusicNetwork.xcodeproj">
         </BuildableReference>
      </BuildableProductRunnable>
   </ProfileAction>
   <AnalyzeAction
      buildConfiguration = "Debug">
   </AnalyzeAction>
   <ArchiveAction
      buildConfiguration = "Release"
      revealArchiveInOrganizer = "YES">
   </ArchiveAction>
</Scheme>
